
Microsoft Visual Studio Solution File, Format Version 12.00
# Visual Studio Version 16
VisualStudioVersion = 16.0.29609.76
MinimumVisualStudioVersion = 10.0.40219.1
Project("{FAE04EC0-301F-11D3-BF4B-00C04F79EFBC}") = "LCValidParentheses", "LCValidParentheses\LCValidParentheses.csproj", "{7AAC9D87-06DA-4DF9-A5F1-31946F430BF7}"
EndProject
Global
	GlobalSection(SolutionConfigurationPlatforms) = preSolution
		Debug|Any CPU = Debug|Any CPU
		Release|Any CPU = Release|Any CPU
	EndGlobalSection
	GlobalSection(ProjectConfigurationPlatforms) = postSolution
		{7AAC9D87-06DA-4DF9-A5F1-31946F430BF7}.Debug|Any CPU.ActiveCfg = Debug|Any CPU
		{7AAC9D87-06DA-4DF9-A5F1-31946F430BF7}.Debug|Any CPU.Build.0 = Debug|Any CPU
		{7AAC9D87-06DA-4DF9-A5F1-31946F430BF7}.Release|Any CPU.ActiveCfg = Release|Any CPU
		{7AAC9D87-06DA-4DF9-A5F1-31946F430BF7}.Release|Any CPU.Build.0 = Release|Any CPU
	EndGlobalSection
	GlobalSection(SolutionProperties) = preSolution
		HideSolutionNode = FALSE
	EndGlobalSection
	GlobalSection(ExtensibilityGlobals) = postSolution
		SolutionGuid = {2655EF2A-159D-4660-8B67-70CE045D431B}
	EndGlobalSection
EndGlobal
